lockfileVersion: '9.0'

settings:
  autoInstallPeers: true
  excludeLinksFromLockfile: false

importers:

  .:
    dependencies:
      nats:
        specifier: ^2.29.3
        version: 2.29.3
    devDependencies:
      '@types/node':
        specifier: ^25.1.0
        version: 25.1.0
      typescript:
        specifier: ^5.9.3
        version: 5.9.3

packages:

  '@types/node@25.1.0':
    resolution: {integrity: sha512-t7frlewr6+cbx+9Ohpl0NOTKXZNV9xHRmNOvql47BFJKcEG1CxtxlPEEe+gR9uhVWM4DwhnvTF110mIL4yP9RA==}

  nats@2.29.3:
    resolution: {integrity: sha512-tOQCRCwC74DgBTk4pWZ9V45sk4d7peoE2njVprMRCBXrhJ5q5cYM7i6W+Uvw2qUrcfOSnuisrX7bEx3b3Wx4QA==}
    engines: {node: '>= 14.0.0'}

  nkeys.js@1.1.0:
    resolution: {integrity: sha512-tB/a0shZL5UZWSwsoeyqfTszONTt4k2YS0tuQioMOD180+MbombYVgzDUYHlx+gejYK6rgf08n/2Df99WY0Sxg==}
    engines: {node: '>=10.0.0'}

  tweetnacl@1.0.3:
    resolution: {integrity: sha512-6rt+RN7aOi1nGMyC4Xa5DdYiukl2UWCbcJft7YhxReBGQD7OAM8Pbxw6YMo4r2diNEA8FEmu32YOn9rhaiE5yw==}

  typescript@5.9.3:
    resolution: {integrity: sha512-jl1vZzPDinLr9eUt3J/t7V6FgNEw9QjvBPdysz9KfQDD41fQrC2Y4vKQdiaUpFT4bXlb1RHhLpp8wtm6M5TgSw==}
    engines: {node: '>=14.17'}
    hasBin: true

  undici-types@7.16.0:
    resolution: {integrity: sha512-Zz+aZWSj8LE6zoxD+xrjh4VfkIG8Ya6LvYkZqtUQGJPZjYl53ypCaUwWqo7eI0x66KBGeRo+mlBEkMSeSZ38Nw==}

snapshots:

  '@types/node@25.1.0':
    dependencies:
      undici-types: 7.16.0

  nats@2.29.3:
    dependencies:
      nkeys.js: 1.1.0

  nkeys.js@1.1.0:
    dependencies:
      tweetnacl: 1.0.3

  tweetnacl@1.0.3: {}

  typescript@5.9.3: {}

  undici-types@7.16.0: {}
