lockfileVersion: '9.0'

settings:
  autoInstallPeers: true
  excludeLinksFromLockfile: false

importers:

  .:
    dependencies:
      zeromq:
        specifier: ^6.5.0
        version: 6.5.0

packages:

  cmake-ts@1.0.2:
    resolution: {integrity: sha512-5l++JHE7MxFuyV/OwJf3ek7ZZN1aGPFPM5oUz6AnK5inQAPe4TFXRMz5sA2qg2FRgByPWdqO+gSfIPo8GzoKNQ==}
    hasBin: true

  node-addon-api@8.5.0:
    resolution: {integrity: sha512-/bRZty2mXUIFY/xU5HLvveNHlswNJej+RnxBjOMkidWfwZzgTbPG1E3K5TOxRLOR+5hX7bSofy8yf1hZevMS8A==}
    engines: {node: ^18 || ^20 || >= 21}

  zeromq@6.5.0:
    resolution: {integrity: sha512-vWOrt19lvcXTxu5tiHXfEGQuldSlU+qZn2TT+4EbRQzaciWGwNZ99QQTolQOmcwVgZLodv+1QfC6UZs2PX/6pQ==}
    engines: {node: '>= 12'}

snapshots:

  cmake-ts@1.0.2: {}

  node-addon-api@8.5.0: {}

  zeromq@6.5.0:
    dependencies:
      cmake-ts: 1.0.2
      node-addon-api: 8.5.0
