lockfileVersion: '9.0'

settings:
  autoInstallPeers: true
  excludeLinksFromLockfile: false

importers:

  .:
    dependencies:
      opossum:
        specifier: ^9.0.0
        version: 9.0.0

packages:

  opossum@9.0.0:
    resolution: {integrity: sha512-K76U0QkxOfUZamneQuzz+AP0fyfTJcCplZ2oZL93nxeupuJbN4s6uFNbmVCt4eWqqGqRnnowdFuBicJ1fLMVxw==}
    engines: {node: ^24 || ^22 || ^20}

snapshots:

  opossum@9.0.0: {}
